// !$*UTF8*$!
{
	archiveVersion = 1;
	classes = {
	};
	objectVersion = 48;
	objects = {

/* Begin PBXBuildFile section */
		3FF8338920336F140070F1B4 /* AppDelegate.swift in Sources */ = {isa = PBXBuildFile; fileRef = 3FF8338820336F140070F1B4 /* AppDelegate.swift */; };
		3FF8338E20336F150070F1B4 /* Main.storyboard in Resources */ = {isa = PBXBuildFile; fileRef = 3FF8338C20336F150070F1B4 /* Main.storyboard */; };
		3FF8339020336F150070F1B4 /* Assets.xcassets in Resources */ = {isa = PBXBuildFile; fileRef = 3FF8338F20336F150070F1B4 /* Assets.xcassets */; };
		3FF8339320336F150070F1B4 /* LaunchScreen.storyboard in Resources */ = {isa = PBXBuildFile; fileRef = 3FF8339120336F150070F1B4 /* LaunchScreen.storyboard */; };
		3FF8339E20336F150070F1B4 /* canadatouristplacesTests.swift in Sources */ = {isa = PBXBuildFile; fileRef = 3FF8339D20336F150070F1B4 /* canadatouristplacesTests.swift */; };
		3FF833A920336F150070F1B4 /* canadatouristplacesUITests.swift in Sources */ = {isa = PBXBuildFile; fileRef = 3FF833A820336F150070F1B4 /* canadatouristplacesUITests.swift */; };
		3FF833B7203372CD0070F1B4 /* TouristPlaceViewController.swift in Sources */ = {isa = PBXBuildFile; fileRef = 3FF833B6203372CD0070F1B4 /* TouristPlaceViewController.swift */; };
		3FF833B9203373370070F1B4 /* ChecklistItem.swift in Sources */ = {isa = PBXBuildFile; fileRef = 3FF833B8203373370070F1B4 /* ChecklistItem.swift */; };
		3FF833BB2033739A0070F1B4 /* Datamodel.swift in Sources */ = {isa = PBXBuildFile; fileRef = 3FF833BA2033739A0070F1B4 /* Datamodel.swift */; };
		3FF833BD20337CCB0070F1B4 /* AddAttractionViewController.swift in Sources */ = {isa = PBXBuildFile; fileRef = 3FF833BC20337CCB0070F1B4 /* AddAttractionViewController.swift */; };
		3FF833BF20338C9F0070F1B4 /* IconPickerViewController.swift in Sources */ = {isa = PBXBuildFile; fileRef = 3FF833BE20338C9F0070F1B4 /* IconPickerViewController.swift */; };
/* End PBXBuildFile section */

/* Begin PBXContainerItemProxy section */
		3FF8339A20336F150070F1B4 /* PBXContainerItemProxy */ = {
			isa = PBXContainerItemProxy;
			containerPortal = 3FF8337D20336F140070F1B4 /* Project object */;
			proxyType = 1;
			remoteGlobalIDString = 3FF8338420336F140070F1B4;
			remoteInfo = canadatouristplaces;
		};
		3FF833A520336F150070F1B4 /* PBXContainerItemProxy */ = {
			isa = PBXContainerItemProxy;
			containerPortal = 3FF8337D20336F140070F1B4 /* Project object */;
			proxyType = 1;
			remoteGlobalIDString = 3FF8338420336F140070F1B4;
			remoteInfo = canadatouristplaces;
		};
/* End PBXContainerItemProxy section */

/* Begin PBXFileReference section */
		3FF8338520336F140070F1B4 /* canadatouristplaces.app */ = {isa = PBXFileReference; explicitFileType = wrapper.application; includeInIndex = 0; path = canadatouristplaces.app; sourceTree = BUILT_PRODUCTS_DIR; };
		3FF8338820336F140070F1B4 /* AppDelegate.swift */ = {isa = PBXFileReference; lastKnownFileType = sourcecode.swift; path = AppDelegate.swift; sourceTree = "<group>"; };
		3FF8338D20336F150070F1B4 /* Base */ = {isa = PBXFileReference; lastKnownFileType = file.storyboard; name = Base; path = Base.lproj/Main.storyboard; sourceTree = "<group>"; };
		3FF8338F20336F150070F1B4 /* Assets.xcassets */ = {isa = PBXFileReference; lastKnownFileType = folder.assetcatalog; path = Assets.xcassets; sourceTree = "<group>"; };
		3FF8339220336F150070F1B4 /* Base */ = {isa = PBXFileReference; lastKnownFileType = file.storyboard; name = Base; path = Base.lproj/LaunchScreen.storyboard; sourceTree = "<group>"; };
		3FF8339420336F150070F1B4 /* Info.plist */ = {isa = PBXFileReference; lastKnownFileType = text.plist.xml; path = Info.plist; sourceTree = "<group>"; };
		3FF8339920336F150070F1B4 /* canadatouristplacesTests.xctest */ = {isa = PBXFileReference; explicitFileType = wrapper.cfbundle; includeInIndex = 0; path = canadatouristplacesTests.xctest; sourceTree = BUILT_PRODUCTS_DIR; };
		3FF8339D20336F150070F1B4 /* canadatouristplacesTests.swift */ = {isa = PBXFileReference; lastKnownFileType = sourcecode.swift; path = canadatouristplacesTests.swift; sourceTree = "<group>"; };
		3FF8339F20336F150070F1B4 /* Info.plist */ = {isa = PBXFileReference; lastKnownFileType = text.plist.xml; path = Info.plist; sourceTree = "<group>"; };
		3FF833A420336F150070F1B4 /* canadatouristplacesUITests.xctest */ = {isa = PBXFileReference; explicitFileType = wrapper.cfbundle; includeInIndex = 0; path = canadatouristplacesUITests.xctest; sourceTree = BUILT_PRODUCTS_DIR; };
		3FF833A820336F150070F1B4 /* canadatouristplacesUITests.swift */ = {isa = PBXFileReference; lastKnownFileType = sourcecode.swift; path = canadatouristplacesUITests.swift; sourceTree = "<group>"; };
		3FF833AA20336F150070F1B4 /* Info.plist */ = {isa = PBXFileReference; lastKnownFileType = text.plist.xml; path = Info.plist; sourceTree = "<group>"; };
		3FF833B6203372CD0070F1B4 /* TouristPlaceViewController.swift */ = {isa = PBXFileReference; lastKnownFileType = sourcecode.swift; path = TouristPlaceViewController.swift; sourceTree = "<group>"; };
		3FF833B8203373370070F1B4 /* ChecklistItem.swift */ = {isa = PBXFileReference; lastKnownFileType = sourcecode.swift; path = ChecklistItem.swift; sourceTree = "<group>"; };
		3FF833BA2033739A0070F1B4 /* Datamodel.swift */ = {isa = PBXFileReference; lastKnownFileType = sourcecode.swift; path = Datamodel.swift; sourceTree = "<group>"; };
		3FF833BC20337CCB0070F1B4 /* AddAttractionViewController.swift */ = {isa = PBXFileReference; lastKnownFileType = sourcecode.swift; path = AddAttractionViewController.swift; sourceTree = "<group>"; };
		3FF833BE20338C9F0070F1B4 /* IconPickerViewController.swift */ = {isa = PBXFileReference; lastKnownFileType = sourcecode.swift; path = IconPickerViewController.swift; sourceTree = "<group>"; };
/* End PBXFileReference section */

/* Begin PBXFrameworksBuildPhase section */
		3FF8338220336F140070F1B4 /* Frameworks */ = {
			isa = PBXFrameworksBuildPhase;
			buildActionMask = 2147483647;
			files = (
			);
			runOnlyForDeploymentPostprocessing = 0;
		};
		3FF8339620336F150070F1B4 /* Frameworks */ = {
			isa = PBXFrameworksBuildPhase;
			buildActionMask = 2147483647;
			files = (
			);
			runOnlyForDeploymentPostprocessing = 0;
		};
		3FF833A120336F150070F1B4 /* Frameworks */ = {
			isa = PBXFrameworksBuildPhase;
			buildActionMask = 2147483647;
			files = (
			);
			runOnlyForDeploymentPostprocessing = 0;
		};
/* End PBXFrameworksBuildPhase section */

/* Begin PBXGroup section */
		3FF8337C20336F140070F1B4 = {
			isa = PBXGroup;
			children = (
				3FF8338720336F140070F1B4 /* canadatouristplaces */,
				3FF8339C20336F150070F1B4 /* canadatouristplacesTests */,
				3FF833A720336F150070F1B4 /* canadatouristplacesUITests */,
				3FF8338620336F140070F1B4 /* Products */,
			);
			sourceTree = "<group>";
		};
		3FF8338620336F140070F1B4 /* Products */ = {
			isa = PBXGroup;
			children = (
				3FF8338520336F140070F1B4 /* canadatouristplaces.app */,
				3FF8339920336F150070F1B4 /* canadatouristplacesTests.xctest */,
				3FF833A420336F150070F1B4 /* canadatouristplacesUITests.xctest */,
			);
			name = Products;
			sourceTree = "<group>";
		};
		3FF8338720336F140070F1B4 /* canadatouristplaces */ = {
			isa = PBXGroup;
			children = (
				3FF8338820336F140070F1B4 /* AppDelegate.swift */,
				3FF8338C20336F150070F1B4 /* Main.storyboard */,
				3FF8338F20336F150070F1B4 /* Assets.xcassets */,
				3FF8339120336F150070F1B4 /* LaunchScreen.storyboard */,
				3FF8339420336F150070F1B4 /* Info.plist */,
				3FF833B6203372CD0070F1B4 /* TouristPlaceViewController.swift */,
				3FF833B8203373370070F1B4 /* ChecklistItem.swift */,
				3FF833BA2033739A0070F1B4 /* Datamodel.swift */,
				3FF833BC20337CCB0070F1B4 /* AddAttractionViewController.swift */,
				3FF833BE20338C9F0070F1B4 /* IconPickerViewController.swift */,
			);
			path = canadatouristplaces;
			sourceTree = "<group>";
		};
		3FF8339C20336F150070F1B4 /* canadatouristplacesTests */ = {
			isa = PBXGroup;
			children = (
				3FF8339D20336F150070F1B4 /* canadatouristplacesTests.swift */,
				3FF8339F20336F150070F1B4 /* Info.plist */,
			);
			path = canadatouristplacesTests;
			sourceTree = "<group>";
		};
		3FF833A720336F150070F1B4 /* canadatouristplacesUITests */ = {
			isa = PBXGroup;
			children = (
				3FF833A820336F150070F1B4 /* canadatouristplacesUITests.swift */,
				3FF833AA20336F150070F1B4 /* Info.plist */,
			);
			path = canadatouristplacesUITests;
			sourceTree = "<group>";
		};
/* End PBXGroup section */

/* Begin PBXNativeTarget section */
		3FF8338420336F140070F1B4 /* canadatouristplaces */ = {
			isa = PBXNativeTarget;
			buildConfigurationList = 3FF833AD20336F150070F1B4 /* Build configuration list for PBXNativeTarget "canadatouristplaces" */;
			buildPhases = (
				3FF8338120336F140070F1B4 /* Sources */,
				3FF8338220336F140070F1B4 /* Frameworks */,
				3FF8338320336F140070F1B4 /* Resources */,
			);
			buildRules = (
			);
			dependencies = (
			);
			name = canadatouristplaces;
			productName = canadatouristplaces;
			productReference = 3FF8338520336F140070F1B4 /* canadatouristplaces.app */;
			productType = "com.apple.product-type.application";
		};
		3FF8339820336F150070F1B4 /* canadatouristplacesTests */ = {
			isa = PBXNativeTarget;
			buildConfigurationList = 3FF833B020336F150070F1B4 /* Build configuration list for PBXNativeTarget "canadatouristplacesTests" */;
			buildPhases = (
				3FF8339520336F150070F1B4 /* Sources */,
				3FF8339620336F150070F1B4 /* Frameworks */,
				3FF8339720336F150070F1B4 /* Resources */,
			);
			buildRules = (
			);
			dependencies = (
				3FF8339B20336F150070F1B4 /* PBXTargetDependency */,
			);
			name = canadatouristplacesTests;
			productName = canadatouristplacesTests;
			productReference = 3FF8339920336F150070F1B4 /* canadatouristplacesTests.xctest */;
			productType = "com.apple.product-type.bundle.unit-test";
		};
		3FF833A320336F150070F1B4 /* canadatouristplacesUITests */ = {
			isa = PBXNativeTarget;
			buildConfigurationList = 3FF833B320336F150070F1B4 /* Build configuration list for PBXNativeTarget "canadatouristplacesUITests" */;
			buildPhases = (
				3FF833A020336F150070F1B4 /* Sources */,
				3FF833A120336F150070F1B4 /* Frameworks */,
				3FF833A220336F150070F1B4 /* Resources */,
			);
			buildRules = (
			);
			dependencies = (
				3FF833A620336F150070F1B4 /* PBXTargetDependency */,
			);
			name = canadatouristplacesUITests;
			productName = canadatouristplacesUITests;
			productReference = 3FF833A420336F150070F1B4 /* canadatouristplacesUITests.xctest */;
			productType = "com.apple.product-type.bundle.ui-testing";
		};
/* End PBXNativeTarget section */

/* Begin PBXProject section */
		3FF8337D20336F140070F1B4 /* Project object */ = {
			isa = PBXProject;
			attributes = {
				LastSwiftUpdateCheck = 0920;
				LastUpgradeCheck = 0920;
				ORGANIZATIONNAME = Student;
				TargetAttributes = {
					3FF8338420336F140070F1B4 = {
						CreatedOnToolsVersion = 9.2;
						ProvisioningStyle = Automatic;
					};
					3FF8339820336F150070F1B4 = {
						CreatedOnToolsVersion = 9.2;
						ProvisioningStyle = Automatic;
						TestTargetID = 3FF8338420336F140070F1B4;
					};
					3FF833A320336F150070F1B4 = {
						CreatedOnToolsVersion = 9.2;
						ProvisioningStyle = Automatic;
						TestTargetID = 3FF8338420336F140070F1B4;
					};
				};
			};
			buildConfigurationList = 3FF8338020336F140070F1B4 /* Build configuration list for PBXProject "canadatouristplaces" */;
			compatibilityVersion = "Xcode 8.0";
			developmentRegion = en;
			hasScannedForEncodings = 0;
			knownRegions = (
				en,
				Base,
			);
			mainGroup = 3FF8337C20336F140070F1B4;
			productRefGroup = 3FF8338620336F140070F1B4 /* Products */;
			projectDirPath = "";
			projectRoot = "";
			targets = (
				3FF8338420336F140070F1B4 /* canadatouristplaces */,
				3FF8339820336F150070F1B4 /* canadatouristplacesTests */,
				3FF833A320336F150070F1B4 /* canadatouristplacesUITests */,
			);
		};
/* End PBXProject section */

/* Begin PBXResourcesBuildPhase section */
		3FF8338320336F140070F1B4 /* Resources */ = {
			isa = PBXResourcesBuildPhase;
			buildActionMask = 2147483647;
			files = (
				3FF8339320336F150070F1B4 /* LaunchScreen.storyboard in Resources */,
				3FF8339020336F150070F1B4 /* Assets.xcassets in Resources */,
				3FF8338E20336F150070F1B4 /* Main.storyboard in Resources */,
			);
			runOnlyForDeploymentPostprocessing = 0;
		};
		3FF8339720336F150070F1B4 /* Resources */ = {
			isa = PBXResourcesBuildPhase;
			buildActionMask = 2147483647;
			files = (
			);
			runOnlyForDeploymentPostprocessing = 0;
		};
		3FF833A220336F150070F1B4 /* Resources */ = {
			isa = PBXResourcesBuildPhase;
			buildActionMask = 2147483647;
			files = (
			);
			runOnlyForDeploymentPostprocessing = 0;
		};
/* End PBXResourcesBuildPhase section */

/* Begin PBXSourcesBuildPhase section */
		3FF8338120336F140070F1B4 /* Sources */ = {
			isa = PBXSourcesBuildPhase;
			buildActionMask = 2147483647;
			files = (
				3FF833B7203372CD0070F1B4 /* TouristPlaceViewController.swift in Sources */,
				3FF833BB2033739A0070F1B4 /* Datamodel.swift in Sources */,
				3FF833B9203373370070F1B4 /* ChecklistItem.swift in Sources */,
				3FF833BF20338C9F0070F1B4 /* IconPickerViewController.swift in Sources */,
				3FF8338920336F140070F1B4 /* AppDelegate.swift in Sources */,
				3FF833BD20337CCB0070F1B4 /* AddAttractionViewController.swift in Sources */,
			);
			runOnlyForDeploymentPostprocessing = 0;
		};
		3FF8339520336F150070F1B4 /* Sources */ = {
			isa = PBXSourcesBuildPhase;
			buildActionMask = 2147483647;
			files = (
				3FF8339E20336F150070F1B4 /* canadatouristplacesTests.swift in Sources */,
			);
			runOnlyForDeploymentPostprocessing = 0;
		};
		3FF833A020336F150070F1B4 /* Sources */ = {
			isa = PBXSourcesBuildPhase;
			buildActionMask = 2147483647;
			files = (
				3FF833A920336F150070F1B4 /* canadatouristplacesUITests.swift in Sources */,
			);
			runOnlyForDeploymentPostprocessing = 0;
		};
/* End PBXSourcesBuildPhase section */

/* Begin PBXTargetDependency section */
		3FF8339B20336F150070F1B4 /* PBXTargetDependency */ = {
			isa = PBXTargetDependency;
			target = 3FF8338420336F140070F1B4 /* canadatouristplaces */;
			targetProxy = 3FF8339A20336F150070F1B4 /* PBXContainerItemProxy */;
		};
		3FF833A620336F150070F1B4 /* PBXTargetDependency */ = {
			isa = PBXTargetDependency;
			target = 3FF8338420336F140070F1B4 /* canadatouristplaces */;
			targetProxy = 3FF833A520336F150070F1B4 /* PBXContainerItemProxy */;
		};
/* End PBXTargetDependency section */

/* Begin PBXVariantGroup section */
		3FF8338C20336F150070F1B4 /* Main.storyboard */ = {
			isa = PBXVariantGroup;
			children = (
				3FF8338D20336F150070F1B4 /* Base */,
			);
			name = Main.storyboard;
			sourceTree = "<group>";
		};
		3FF8339120336F150070F1B4 /* LaunchScreen.storyboard */ = {
			isa = PBXVariantGroup;
			children = (
				3FF8339220336F150070F1B4 /* Base */,
			);
			name = LaunchScreen.storyboard;
			sourceTree = "<group>";
		};
/* End PBXVariantGroup section */

/* Begin XCBuildConfiguration section */
		3FF833AB20336F150070F1B4 /* Debug */ = {
			isa = XCBuildConfiguration;
			buildSettings = {
				ALWAYS_SEARCH_USER_PATHS = NO;
				CLANG_ANALYZER_NONNULL = YES;
				CLANG_ANALYZER_NUMBER_OBJECT_CONVERSION = YES_AGGRESSIVE;
				CLANG_CXX_LANGUAGE_STANDARD = "gnu++14";
				CLANG_CXX_LIBRARY = "libc++";
				CLANG_ENABLE_MODULES = YES;
				CLANG_ENABLE_OBJC_ARC = YES;
				CLANG_WARN_BLOCK_CAPTURE_AUTORELEASING = YES;
				CLANG_WARN_BOOL_CONVERSION = YES;
				CLANG_WARN_COMMA = YES;
				CLANG_WARN_CONSTANT_CONVERSION = YES;
				CLANG_WARN_DIRECT_OBJC_ISA_USAGE = YES_ERROR;
				CLANG_WARN_DOCUMENTATION_COMMENTS = YES;
				CLANG_WARN_EMPTY_BODY = YES;
				CLANG_WARN_ENUM_CONVERSION = YES;
				CLANG_WARN_INFINITE_RECURSION = YES;
				CLANG_WARN_INT_CONVERSION = YES;
				CLANG_WARN_NON_LITERAL_NULL_CONVERSION = YES;
				CLANG_WARN_OBJC_LITERAL_CONVERSION = YES;
				CLANG_WARN_OBJC_ROOT_CLASS = YES_ERROR;
				CLANG_WARN_RANGE_LOOP_ANALYSIS = YES;
				CLANG_WARN_STRICT_PROTOTYPES = YES;
				CLANG_WARN_SUSPICIOUS_MOVE = YES;
				CLANG_WARN_UNGUARDED_AVAILABILITY = YES_AGGRESSIVE;
				CLANG_WARN_UNREACHABLE_CODE = YES;
				CLANG_WARN__DUPLICATE_METHOD_MATCH = YES;
				CODE_SIGN_IDENTITY = "iPhone Developer";
				COPY_PHASE_STRIP = NO;
				DEBUG_INFORMATION_FORMAT = dwarf;
				ENABLE_STRICT_OBJC_MSGSEND = YES;
				ENABLE_TESTABILITY = YES;
				GCC_C_LANGUAGE_STANDARD = gnu11;
				GCC_DYNAMIC_NO_PIC = NO;
				GCC_NO_COMMON_BLOCKS = YES;
				GCC_OPTIMIZATION_LEVEL = 0;
				GCC_PREPROCESSOR_DEFINITIONS = (
					"DEBUG=1",
					"$(inherited)",
				);
				GCC_WARN_64_TO_32_BIT_CONVERSION = YES;
				GCC_WARN_ABOUT_RETURN_TYPE = YES_ERROR;
				GCC_WARN_UNDECLARED_SELECTOR = YES;
				GCC_WARN_UNINITIALIZED_AUTOS = YES_AGGRESSIVE;
				GCC_WARN_UNUSED_FUNCTION = YES;
				GCC_WARN_UNUSED_VARIABLE = YES;
				IPHONEOS_DEPLOYMENT_TARGET = 11.2;
				MTL_ENABLE_DEBUG_INFO = YES;
				ONLY_ACTIVE_ARCH = YES;
				SDKROOT = iphoneos;
				SWIFT_ACTIVE_COMPILATION_CONDITIONS = DEBUG;
				SWIFT_OPTIMIZATION_LEVEL = "-Onone";
			};
			name = Debug;
		};
		3FF833AC20336F150070F1B4 /* Release */ = {
			isa = XCBuildConfiguration;
			buildSettings = {
				ALWAYS_SEARCH_USER_PATHS = NO;
				CLANG_ANALYZER_NONNULL = YES;
				CLANG_ANALYZER_NUMBER_OBJECT_CONVERSION = YES_AGGRESSIVE;
				CLANG_CXX_LANGUAGE_STANDARD = "gnu++14";
				CLANG_CXX_LIBRARY = "libc++";
				CLANG_ENABLE_MODULES = YES;
				CLANG_ENABLE_OBJC_ARC = YES;
				CLANG_WARN_BLOCK_CAPTURE_AUTORELEASING = YES;
				CLANG_WARN_BOOL_CONVERSION = YES;
				CLANG_WARN_COMMA = YES;
				CLANG_WARN_CONSTANT_CONVERSION = YES;
				CLANG_WARN_DIRECT_OBJC_ISA_USAGE = YES_ERROR;
				CLANG_WARN_DOCUMENTATION_COMMENTS = YES;
				CLANG_WARN_EMPTY_BODY = YES;
				CLANG_WARN_ENUM_CONVERSION = YES;
				CLANG_WARN_INFINITE_RECURSION = YES;
				CLANG_WARN_INT_CONVERSION = YES;
				CLANG_WARN_NON_LITERAL_NULL_CONVERSION = YES;
				CLANG_WARN_OBJC_LITERAL_CONVERSION = YES;
				CLANG_WARN_OBJC_ROOT_CLASS = YES_ERROR;
				CLANG_WARN_RANGE_LOOP_ANALYSIS = YES;
				CLANG_WARN_STRICT_PROTOTYPES = YES;
				CLANG_WARN_SUSPICIOUS_MOVE = YES;
				CLANG_WARN_UNGUARDED_AVAILABILITY = YES_AGGRESSIVE;
				CLANG_WARN_UNREACHABLE_CODE = YES;
				CLANG_WARN__DUPLICATE_METHOD_MATCH = YES;
				CODE_SIGN_IDENTITY = "iPhone Developer";
				COPY_PHASE_STRIP = NO;
				DEBUG_INFORMATION_FORMAT = "dwarf-with-dsym";
				ENABLE_NS_ASSERTIONS = NO;
				ENABLE_STRICT_OBJC_MSGSEND = YES;
				GCC_C_LANGUAGE_STANDARD = gnu11;
				GCC_NO_COMMON_BLOCKS = YES;
				GCC_WARN_64_TO_32_BIT_CONVERSION = YES;
				GCC_WARN_ABOUT_RETURN_TYPE = YES_ERROR;
				GCC_WARN_UNDECLARED_SELECTOR = YES;
				GCC_WARN_UNINITIALIZED_AUTOS = YES_AGGRESSIVE;
				GCC_WARN_UNUSED_FUNCTION = YES;
				GCC_WARN_UNUSED_VARIABLE = YES;
				IPHONEOS_DEPLOYMENT_TARGET = 11.2;
				MTL_ENABLE_DEBUG_INFO = NO;
				SDKROOT = iphoneos;
				SWIFT_OPTIMIZATION_LEVEL = "-Owholemodule";
				VALIDATE_PRODUCT = YES;
			};
			name = Release;
		};
		3FF833AE20336F150070F1B4 /* Debug */ = {
			isa = XCBuildConfiguration;
			buildSettings = {
				ASSETCATALOG_COMPILER_APPICON_NAME = AppIcon;
				CODE_SIGN_STYLE = Automatic;
				INFOPLIST_FILE = canadatouristplaces/Info.plist;
				LD_RUNPATH_SEARCH_PATHS = "$(inherited) @executable_path/Frameworks";
				PRODUCT_BUNDLE_IDENTIFIER = hello.canadatouristplaces;
				PRODUCT_NAME = "$(TARGET_NAME)";
				SWIFT_VERSION = 4.0;
				TARGETED_DEVICE_FAMILY = "1,2";
			};
			name = Debug;
		};
		3FF833AF20336F150070F1B4 /* Release */ = {
			isa = XCBuildConfiguration;
			buildSettings = {
				ASSETCATALOG_COMPILER_APPICON_NAME = AppIcon;
				CODE_SIGN_STYLE = Automatic;
				INFOPLIST_FILE = canadatouristplaces/Info.plist;
				LD_RUNPATH_SEARCH_PATHS = "$(inherited) @executable_path/Frameworks";
				PRODUCT_BUNDLE_IDENTIFIER = hello.canadatouristplaces;
				PRODUCT_NAME = "$(TARGET_NAME)";
				SWIFT_VERSION = 4.0;
				TARGETED_DEVICE_FAMILY = "1,2";
			};
			name = Release;
		};
		3FF833B120336F150070F1B4 /* Debug */ = {
			isa = XCBuildConfiguration;
			buildSettings = {
				ALWAYS_EMBED_SWIFT_STANDARD_LIBRARIES = YES;
				BUNDLE_LOADER = "$(TEST_HOST)";
				CODE_SIGN_STYLE = Automatic;
				INFOPLIST_FILE = canadatouristplacesTests/Info.plist;
				LD_RUNPATH_SEARCH_PATHS = "$(inherited) @executable_path/Frameworks @loader_path/Frameworks";
				PRODUCT_BUNDLE_IDENTIFIER = hello.canadatouristplacesTests;
				PRODUCT_NAME = "$(TARGET_NAME)";
				SWIFT_VERSION = 4.0;
				TARGETED_DEVICE_FAMILY = "1,2";
				TEST_HOST = "$(BUILT_PRODUCTS_DIR)/canadatouristplaces.app/canadatouristplaces";
			};
			name = Debug;
		};
		3FF833B220336F150070F1B4 /* Release */ = {
			isa = XCBuildConfiguration;
			buildSettings = {
				ALWAYS_EMBED_SWIFT_STANDARD_LIBRARIES = YES;
				BUNDLE_LOADER = "$(TEST_HOST)";
				CODE_SIGN_STYLE = Automatic;
				INFOPLIST_FILE = canadatouristplacesTests/Info.plist;
				LD_RUNPATH_SEARCH_PATHS = "$(inherited) @executable_path/Frameworks @loader_path/Frameworks";
				PRODUCT_BUNDLE_IDENTIFIER = hello.canadatouristplacesTests;
				PRODUCT_NAME = "$(TARGET_NAME)";
				SWIFT_VERSION = 4.0;
				TARGETED_DEVICE_FAMILY = "1,2";
				TEST_HOST = "$(BUILT_PRODUCTS_DIR)/canadatouristplaces.app/canadatouristplaces";
			};
			name = Release;
		};
		3FF833B420336F150070F1B4 /* Debug */ = {
			isa = XCBuildConfiguration;
			buildSettings = {
				ALWAYS_EMBED_SWIFT_STANDARD_LIBRARIES = YES;
				CODE_SIGN_STYLE = Automatic;
				INFOPLIST_FILE = canadatouristplacesUITests/Info.plist;
				LD_RUNPATH_SEARCH_PATHS = "$(inherited) @executable_path/Frameworks @loader_path/Frameworks";
				PRODUCT_BUNDLE_IDENTIFIER = hello.canadatouristplacesUITests;
				PRODUCT_NAME = "$(TARGET_NAME)";
				SWIFT_VERSION = 4.0;
				TARGETED_DEVICE_FAMILY = "1,2";
				TEST_TARGET_NAME = canadatouristplaces;
			};
			name = Debug;
		};
		3FF833B520336F150070F1B4 /* Release */ = {
			isa = XCBuildConfiguration;
			buildSettings = {
				ALWAYS_EMBED_SWIFT_STANDARD_LIBRARIES = YES;
				CODE_SIGN_STYLE = Automatic;
				INFOPLIST_FILE = canadatouristplacesUITests/Info.plist;
				LD_RUNPATH_SEARCH_PATHS = "$(inherited) @executable_path/Frameworks @loader_path/Frameworks";
				PRODUCT_BUNDLE_IDENTIFIER = hello.canadatouristplacesUITests;
				PRODUCT_NAME = "$(TARGET_NAME)";
				SWIFT_VERSION = 4.0;
				TARGETED_DEVICE_FAMILY = "1,2";
				TEST_TARGET_NAME = canadatouristplaces;
			};
			name = Release;
		};
/* End XCBuildConfiguration section */

/* Begin XCConfigurationList section */
		3FF8338020336F140070F1B4 /* Build configuration list for PBXProject "canadatouristplaces" */ = {
			isa = XCConfigurationList;
			buildConfigurations = (
				3FF833AB20336F150070F1B4 /* Debug */,
				3FF833AC20336F150070F1B4 /* Release */,
			);
			defaultConfigurationIsVisible = 0;
			defaultConfigurationName = Release;
		};
		3FF833AD20336F150070F1B4 /* Build configuration list for PBXNativeTarget "canadatouristplaces" */ = {
			isa = XCConfigurationList;
			buildConfigurations = (
				3FF833AE20336F150070F1B4 /* Debug */,
				3FF833AF20336F150070F1B4 /* Release */,
			);
			defaultConfigurationIsVisible = 0;
			defaultConfigurationName = Release;
		};
		3FF833B020336F150070F1B4 /* Build configuration list for PBXNativeTarget "canadatouristplacesTests" */ = {
			isa = XCConfigurationList;
			buildConfigurations = (
				3FF833B120336F150070F1B4 /* Debug */,
				3FF833B220336F150070F1B4 /* Release */,
			);
			defaultConfigurationIsVisible = 0;
			defaultConfigurationName = Release;
		};
		3FF833B320336F150070F1B4 /* Build configuration list for PBXNativeTarget "canadatouristplacesUITests" */ = {
			isa = XCConfigurationList;
			buildConfigurations = (
				3FF833B420336F150070F1B4 /* Debug */,
				3FF833B520336F150070F1B4 /* Release */,
			);
			defaultConfigurationIsVisible = 0;
			defaultConfigurationName = Release;
		};
/* End XCConfigurationList section */
	};
	rootObject = 3FF8337D20336F140070F1B4 /* Project object */;
}
